
Microsoft Visual Studio Solution File, Format Version 12.00
# Visual Studio Version 16
VisualStudioVersion = 16.0.30907.101
MinimumVisualStudioVersion = 10.0.40219.1
Project("{FAE04EC0-301F-11D3-BF4B-00C04F79EFBC}") = "Aficio", "Aficio.csproj", "{3C00A59B-71D9-4591-9816-5D14F9F7DF6D}"
EndProject
Global
	GlobalSection(SolutionConfigurationPlatforms) = preSolution
		Debug|Any CPU = Debug|Any CPU
		Release|Any CPU = Release|Any CPU
	EndGlobalSection
	GlobalSection(ProjectConfigurationPlatforms) = postSolution
		{3C00A59B-71D9-4591-9816-5D14F9F7DF6D}.Debug|Any CPU.ActiveCfg = Debug|Any CPU
		{3C00A59B-71D9-4591-9816-5D14F9F7DF6D}.Debug|Any CPU.Build.0 = Debug|Any CPU
		{3C00A59B-71D9-4591-9816-5D14F9F7DF6D}.Release|Any CPU.ActiveCfg = Release|Any CPU
		{3C00A59B-71D9-4591-9816-5D14F9F7DF6D}.Release|Any CPU.Build.0 = Release|Any CPU
	EndGlobalSection
	GlobalSection(SolutionProperties) = preSolution
		HideSolutionNode = FALSE
	EndGlobalSection
	GlobalSection(ExtensibilityGlobals) = postSolution
		SolutionGuid = {02F90A34-2092-4A98-B00E-FFDFA2CB503A}
	EndGlobalSection
EndGlobal
